
Microsoft Visual Studio Solution File, Format Version 12.00
# Visual Studio Version 17
VisualStudioVersion = 17.9.34607.119
MinimumVisualStudioVersion = 10.0.40219.1
Project("{FAE04EC0-301F-11D3-BF4B-00C04F79EFBC}") = "MOBAFWQ", "MOBAFWQ\MOBAFWQ.csproj", "{DD7A9A19-5757-4C29-A6D4-B99B1A8A41FD}"
EndProject
Project("{FAE04EC0-301F-11D3-BF4B-00C04F79EFBC}") = "LOGICFWQ", "LOGICFWQ\LOGICFWQ.csproj", "{2EFE7A66-FA1F-49BD-BC57-DA0070D4877F}"
EndProject
Global
	GlobalSection(SolutionConfigurationPlatforms) = preSolution
		Debug|Any CPU = Debug|Any CPU
		Release|Any CPU = Release|Any CPU
	EndGlobalSection
	GlobalSection(ProjectConfigurationPlatforms) = postSolution
		{DD7A9A19-5757-4C29-A6D4-B99B1A8A41FD}.Debug|Any CPU.ActiveCfg = Debug|Any CPU
		{DD7A9A19-5757-4C29-A6D4-B99B1A8A41FD}.Debug|Any CPU.Build.0 = Debug|Any CPU
		{DD7A9A19-5757-4C29-A6D4-B99B1A8A41FD}.Release|Any CPU.ActiveCfg = Release|Any CPU
		{DD7A9A19-5757-4C29-A6D4-B99B1A8A41FD}.Release|Any CPU.Build.0 = Release|Any CPU
		{2EFE7A66-FA1F-49BD-BC57-DA0070D4877F}.Debug|Any CPU.ActiveCfg = Debug|Any CPU
		{2EFE7A66-FA1F-49BD-BC57-DA0070D4877F}.Debug|Any CPU.Build.0 = Debug|Any CPU
		{2EFE7A66-FA1F-49BD-BC57-DA0070D4877F}.Release|Any CPU.ActiveCfg = Release|Any CPU
		{2EFE7A66-FA1F-49BD-BC57-DA0070D4877F}.Release|Any CPU.Build.0 = Release|Any CPU
	EndGlobalSection
	GlobalSection(SolutionProperties) = preSolution
		HideSolutionNode = FALSE
	EndGlobalSection
	GlobalSection(ExtensibilityGlobals) = postSolution
		SolutionGuid = {5B33C99C-33B8-491E-A4B7-2BEBF9BC0936}
	EndGlobalSection
EndGlobal
